{
  "name": "timeago.js_es",
  "version": "1.0.0",
  "lockfileVersion": 1,
  "requires": true,
  "dependencies": {
    "timeago.js": {
      "version": "4.0.1",
      "resolved": "https://registry.npmjs.org/timeago.js/-/timeago.js-4.0.1.tgz",
      "integrity": "sha512-ePzZuMoJqUc44hJbUYtY1qtzU7IammxooDCcFKogLkS5Nj+iCabR0ZlmNOFX8Dm1r5EpvR5q/PotOJli/mEPew=="
    }
  }
}
